# THIS IS AN AUTOGENERATED FILE. DO NOT EDIT THIS FILE DIRECTLY.
# yarn lockfile v1


typescript@Nightly:
  version "4.1.0-dev.20200930"
  resolved "https://registry.yarnpkg.com/typescript/-/typescript-4.1.0-dev.20200930.tgz#2eaea4a6b741d69f650c12fcc7cee759ef20fca1"
  integrity sha512-zEzEGftnYtgdaY10tVgfWC/mqQG3e1j3dhBWgayPtl52LlwmTRYRIJ+++hXIFVTs/gjvlFSpzOlrTQ98FJqBwA==
